
Microsoft Visual Studio Solution File, Format Version 12.00
# Visual Studio Version 16
VisualStudioVersion = 16.0.30104.148
MinimumVisualStudioVersion = 10.0.40219.1
Project("{FAE04EC0-301F-11D3-BF4B-00C04F79EFBC}") = "VidRenly", "VidRenly.csproj", "{04B0C0F6-13CD-4E97-9F7C-C3201187C8CC}"
EndProject
Global
	GlobalSection(SolutionConfigurationPlatforms) = preSolution
		Debug|Any CPU = Debug|Any CPU
		Release|Any CPU = Release|Any CPU
	EndGlobalSection
	GlobalSection(ProjectConfigurationPlatforms) = postSolution
		{04B0C0F6-13CD-4E97-9F7C-C3201187C8CC}.Debug|Any CPU.ActiveCfg = Debug|Any CPU
		{04B0C0F6-13CD-4E97-9F7C-C3201187C8CC}.Debug|Any CPU.Build.0 = Debug|Any CPU
		{04B0C0F6-13CD-4E97-9F7C-C3201187C8CC}.Release|Any CPU.ActiveCfg = Release|Any CPU
		{04B0C0F6-13CD-4E97-9F7C-C3201187C8CC}.Release|Any CPU.Build.0 = Release|Any CPU
	EndGlobalSection
	GlobalSection(SolutionProperties) = preSolution
		HideSolutionNode = FALSE
	EndGlobalSection
	GlobalSection(ExtensibilityGlobals) = postSolution
		SolutionGuid = {A8A775D2-9865-4684-AAD1-6251E319233E}
	EndGlobalSection
EndGlobal
